github.com/davecgh/go-spew v1.1.1 h1:vj9j/u1bqnvCEfJOwUhtlOARqs3+rkHYY13jYWTU97c=
github.com/davecgh/go-spew v1.1.1/go.mod h1:J7Y8YcW2NihsgmVo/mv3lAwl/skON4iLHjSsI+c5H38=
github.com/go-flac/flacvorbis/v2 v2.0.2 h1:xCL3OhxrxWkHrbWUBvGNe+6FQ03yLmBbz0v5z4V2PoQ=
github.com/go-flac/flacvorbis/v2 v2.0.2/go.mod h1:SwTB5gs13VaM/N7rstwPoUsPibiMKklgwybYP9dYo2g=
github.com/go-flac/go-flac/v2 v2.0.3 h1:gsodppSC2ThQzzdQMfnJQ8EN5TAtQDD9hx31BkNK2tU=
github.com/go-flac/go-flac/v2 v2.0.3/go.mod h1:hvgeR2hElLbwk0Q1/vMazIDmIc2LAFSd9Bx/Fk6ViKo=
github.com/mikogd/hextech v0.0.0-20250615151623-2a1cbb9455bc h1:NdVfCzJEXfmAfCK82akAlcstZ08x5M+QEp0c/TRHobs=
github.com/mikogd/hextech v0.0.0-20250615151623-2a1cbb9455bc/go.mod h1:1eI0vxFee9a4IChVmvjIlPbkpH5h6rGK80iyZ05YBpw=
github.com/mikogd/maokai v0.1.1 h1:x3CRbn/YbVyZFqRCEW6x79e4xEW3gOTzpFp6YjcEgQQ=
github.com/mikogd/maokai v0.1.1/go.mod h1:Ndvsyp2XYIzFun/cFjOCDUlXze4RBuXVICXlNNQm6Uc=
github.com/mikogd/maokai v0.2.0 h1:3xhJeheGoaV9NqIRQt1zAhiQfQqrqLqMoGx2G/uAwVQ=
github.com/mikogd/maokai v0.2.0/go.mod h1:1ZFJdoHl1dv1lrSdpfDYL+zjhuLgsB1Xo1MKpNZp7bc=
github.com/mikogd/maokai v0.3.0 h1:7jGJOs01+0F0J2idete6z0OHamTZn+SyW0JawhhP22s=
github.com/mikogd/maokai v0.3.0/go.mod h1:1ZFJdoHl1dv1lrSdpfDYL+zjhuLgsB1Xo1MKpNZp7bc=
github.com/pmezard/go-difflib v1.0.0 h1:4DBwDE0NGyQoBHbLQYPwSUPoCMWR5BEzIk/f1lZbAQM=
github.com/pmezard/go-difflib v1.0.0/go.mod h1:iKH77koFhYxTK1pcRnkKkqfTogsbg7gZNVY4sRDYZ/4=
github.com/stretchr/testify v1.8.2 h1:+h33VjcLVPDHtOdpUCuF+7gSuG3yGIftsP1YvFihtJ8=
github.com/stretchr/testify v1.8.2/go.mod h1:w2LPCIKwWwSfY2zedu0+kehJoqGctiVI29o6fzry7u4=
go.uploadedlobster.com/discid v0.8.1 h1:7OFrnqHqk4M6JNbDtHANhMzDZdWECjwI2DxQCkY6sKs=
go.uploadedlobster.com/discid v0.8.1/go.mod h1:36V25FdinU8imWRGebRAgwxv1ywWXkZss/LXYODXuzY=
go.uploadedlobster.com/mbtypes v0.3.0 h1:DgfTrKLgafyYhW5Rtq4lGYewbv2BAT7FZkVbnumhbD0=
go.uploadedlobster.com/mbtypes v0.3.0/go.mod h1:/ZpwXc8oRpDa7EWeGI9xEY+nGhMIVHhTruikZWD4Krg=
gopkg.in/yaml.v3 v3.0.1 h1:fxVm/GzAzEWqLHuvctI91KS9hhNmmWOoWu0XTYJS7CA=
gopkg.in/yaml.v3 v3.0.1/go.mod h1:K4uyk7z7BCEPqu6E+C64Yfv1cQ7kz7rIZviUmN+EgEM=
